
Microsoft Visual Studio Solution File, Format Version 12.00
# Visual Studio Version 17
VisualStudioVersion = 17.10.35027.167
MinimumVisualStudioVersion = 10.0.40219.1
Project("{FAE04EC0-301F-11D3-BF4B-00C04F79EFBC}") = "Inventory Management System", "Inventory Management System\Inventory Management System.csproj", "{0D45E7DF-E731-4374-949F-AE71C4503596}"
EndProject
Global
	GlobalSection(SolutionConfigurationPlatforms) = preSolution
		Debug|Any CPU = Debug|Any CPU
		Release|Any CPU = Release|Any CPU
	EndGlobalSection
	GlobalSection(ProjectConfigurationPlatforms) = postSolution
		{0D45E7DF-E731-4374-949F-AE71C4503596}.Debug|Any CPU.ActiveCfg = Debug|Any CPU
		{0D45E7DF-E731-4374-949F-AE71C4503596}.Debug|Any CPU.Build.0 = Debug|Any CPU
		{0D45E7DF-E731-4374-949F-AE71C4503596}.Release|Any CPU.ActiveCfg = Release|Any CPU
		{0D45E7DF-E731-4374-949F-AE71C4503596}.Release|Any CPU.Build.0 = Release|Any CPU
	EndGlobalSection
	GlobalSection(SolutionProperties) = preSolution
		HideSolutionNode = FALSE
	EndGlobalSection
	GlobalSection(ExtensibilityGlobals) = postSolution
		SolutionGuid = {ECE1B479-0A44-44F6-B9DB-F903E89742A4}
	EndGlobalSection
EndGlobal
